
Microsoft Visual Studio Solution File, Format Version 12.00
# Visual Studio Version 17
VisualStudioVersion = 17.13.35913.81 d17.13
MinimumVisualStudioVersion = 10.0.40219.1
Project("{FAE04EC0-301F-11D3-BF4B-00C04F79EFBC}") = "QingTianWallPaper", "QingTianWallPaper\QingTianWallPaper.csproj", "{62FBBB23-0C57-4C10-91F2-F386A8C68460}"
EndProject
Global
	GlobalSection(SolutionConfigurationPlatforms) = preSolution
		Debug|Any CPU = Debug|Any CPU
		Release|Any CPU = Release|Any CPU
	EndGlobalSection
	GlobalSection(ProjectConfigurationPlatforms) = postSolution
		{62FBBB23-0C57-4C10-91F2-F386A8C68460}.Debug|Any CPU.ActiveCfg = Debug|Any CPU
		{62FBBB23-0C57-4C10-91F2-F386A8C68460}.Debug|Any CPU.Build.0 = Debug|Any CPU
		{62FBBB23-0C57-4C10-91F2-F386A8C68460}.Release|Any CPU.ActiveCfg = Release|Any CPU
		{62FBBB23-0C57-4C10-91F2-F386A8C68460}.Release|Any CPU.Build.0 = Release|Any CPU
	EndGlobalSection
	GlobalSection(SolutionProperties) = preSolution
		HideSolutionNode = FALSE
	EndGlobalSection
	GlobalSection(ExtensibilityGlobals) = postSolution
		SolutionGuid = {B9EA64E2-F4BF-4724-93BD-4AC9D80E6317}
	EndGlobalSection
EndGlobal
